# THIS IS AN AUTOGENERATED FILE. DO NOT EDIT THIS FILE DIRECTLY.
# yarn lockfile v1


"@ryb73/bs-bluebird@0.0.3":
  version "0.0.3"
  resolved "https://registry.yarnpkg.com/@ryb73/bs-bluebird/-/bs-bluebird-0.0.3.tgz#99529711782aade7b8a3863120cec88f6ceaa615"
  integrity sha512-iTQvHwrSLyZBcqUT2rW3lyUbXfrFb6KUg6dukqaVxfFkn+XJz7wd16MmmUdo0B8BfV0nl5pTfg9wg2QZeT9e1Q==
  dependencies:
    bluebird "^3.5.1"

bluebird@^3.5.1:
  version "3.5.3"
  resolved "https://registry.yarnpkg.com/bluebird/-/bluebird-3.5.3.tgz#7d01c6f9616c9a51ab0f8c549a79dfe6ec33efa7"
  integrity sha512-/qKPUQlaW1OyR51WeCPBvRnAlnZFUJkCSG5HzGnuIqhgyJtF+T94lFnn33eiazjRm2LAHVy2guNnaq48X9SJuw==
